{
  "name": "onecode-desktop",
  "version": "0.1.0",
  "lockfileVersion": 3,
  "requires": true,
  "packages": {
    "": {
      "name": "onecode-desktop",
      "version": "0.1.0",
      "devDependencies": {
        "@tauri-apps/cli": "^2.1.0",
        "@xterm/addon-fit": "^0.10.0",
        "@xterm/addon-web-links": "^0.11.0",
        "@xterm/addon-webgl": "^0.18.0",
        "@xterm/xterm": "^5.5.0",
        "highlight.js": "^11.10.0",
        "marked": "^12.0.2"
      }
    },
    "node_modules/@tauri-apps/cli": {
      "version": "2.11.3",
      "resolved": "https://registry.npmjs.org/@tauri-apps/cli/-/cli-2.11.3.tgz",
      "integrity": "sha512-EElQe8z8uD7Pi5++tJ/UfEwWuK08rd3oCDYdeIbJAb6pZRrxlqmoF5gh5H5YvzmUPhS4IRCaLSsQhvWkrfK+GQ==",
      "dev": true,
      "license": "Apache-2.0 OR MIT",
      "bin": {
        "tauri": "tauri.js"
      },
      "engines": {
        "node": ">= 10"
      },
      "funding": {
        "type": "opencollective",
        "url": "https://opencollective.com/tauri"
      },
      "optionalDependencies": {
        "@tauri-apps/cli-darwin-arm64": "2.11.3",
        "@tauri-apps/cli-darwin-x64": "2.11.3",
        "@tauri-apps/cli-linux-arm-gnueabihf": "2.11.3",
        "@tauri-apps/cli-linux-arm64-gnu": "2.11.3",
        "@tauri-apps/cli-linux-arm64-musl": "2.11.3",
        "@tauri-apps/cli-linux-riscv64-gnu": "2.11.3",
        "@tauri-apps/cli-linux-x64-gnu": "2.11.3",
        "@tauri-apps/cli-linux-x64-musl": "2.11.3",
        "@tauri-apps/cli-win32-arm64-msvc": "2.11.3",
        "@tauri-apps/cli-win32-ia32-msvc": "2.11.3",
        "@tauri-apps/cli-win32-x64-msvc": "2.11.3"
      }
    },
    "node_modules/@tauri-apps/cli-darwin-arm64": {
      "version": "2.11.3",
      "resolved": "https://registry.npmjs.org/@tauri-apps/cli-darwin-arm64/-/cli-darwin-arm64-2.11.3.tgz",
      "integrity": "sha512-BxpaM8bsCoXs3wd4WKYhas/G1gs7+r7B+e4WnyRk2GEoVOouJB1hoL6E6YLXZDXbYci6VFdrNnobQwd2uVL4ew==",
      "cpu": [
        "arm64"
      ],
      "dev": true,
      "license": "Apache-2.0 OR MIT",
      "optional": true,
      "os": [
        "darwin"
      ],
      "engines": {
        "node": ">= 10"
      }
    },
    "node_modules/@tauri-apps/cli-darwin-x64": {
      "version": "2.11.3",
      "resolved": "https://registry.npmjs.org/@tauri-apps/cli-darwin-x64/-/cli-darwin-x64-2.11.3.tgz",
      "integrity": "sha512-DbZYuPB1ZEzcAHYeyCvo3ltzM27+aXwPloCrtexPnmgPgulYJm3TOq6aC4S+wPhSXteddg8zImtNkvx/gQzmwg==",
      "cpu": [
        "x64"
      ],
      "dev": true,
      "license": "Apache-2.0 OR MIT",
      "optional": true,
      "os": [
        "darwin"
      ],
      "engines": {
        "node": ">= 10"
      }
    },
    "node_modules/@tauri-apps/cli-linux-arm-gnueabihf": {
      "version": "2.11.3",
      "resolved": "https://registry.npmjs.org/@tauri-apps/cli-linux-arm-gnueabihf/-/cli-linux-arm-gnueabihf-2.11.3.tgz",
      "integrity": "sha512-741NduqBmz1XkdU8yz3OI/kBZtqHbvxo9F9ytIeWYU69/Ba9dcZEbqOU++Dp0G/XU8vAI0TfTywEl+p+BbLvaA==",
      "cpu": [
        "arm"
      ],
      "dev": true,
      "license": "Apache-2.0 OR MIT",
      "optional": true,
      "os": [
        "linux"
      ],
      "engines": {
        "node": ">= 10"
      }
    },
    "node_modules/@tauri-apps/cli-linux-arm64-gnu": {
      "version": "2.11.3",
      "resolved": "https://registry.npmjs.org/@tauri-apps/cli-linux-arm64-gnu/-/cli-linux-arm64-gnu-2.11.3.tgz",
      "integrity": "sha512-RWAXT8pTqIczXcoic+LXlo6uEbAXGB0cgh6Pg7Y9xVnEbzryQ1JHtRGj9SxzrKSemBIDBH6Qc24kK2G69i8ofA==",
      "cpu": [
        "arm64"
      ],
      "dev": true,
      "libc": [
        "glibc"
      ],
      "license": "Apache-2.0 OR MIT",
      "optional": true,
      "os": [
        "linux"
      ],
      "engines": {
        "node": ">= 10"
      }
    },
    "node_modules/@tauri-apps/cli-linux-arm64-musl": {
      "version": "2.11.3",
      "resolved": "https://registry.npmjs.org/@tauri-apps/cli-linux-arm64-musl/-/cli-linux-arm64-musl-2.11.3.tgz",
      "integrity": "sha512-qomqYS+yAkd0gXMRmhguWXc7RfVN+XKKXaEwbf5QmKURwydLFOTldd6F8/WoZDSsBMrV8dpNxz0YneGLmobiSA==",
      "cpu": [
        "arm64"
      ],
      "dev": true,
      "libc": [
        "musl"
      ],
      "license": "Apache-2.0 OR MIT",
      "optional": true,
      "os": [
        "linux"
      ],
      "engines": {
        "node": ">= 10"
      }
    },
    "node_modules/@tauri-apps/cli-linux-riscv64-gnu": {
      "version": "2.11.3",
      "resolved": "https://registry.npmjs.org/@tauri-apps/cli-linux-riscv64-gnu/-/cli-linux-riscv64-gnu-2.11.3.tgz",
      "integrity": "sha512-jOCXbDqeDj5XcclsOBAaXjtTgwZCVg8zEZ+dbPUCoADOgljFgL0rOkYTc96vUYgOrYEfuHYihWMxIDGaD6GwJw==",
      "cpu": [
        "riscv64"
      ],
      "dev": true,
      "libc": [
        "glibc"
      ],
      "license": "Apache-2.0 OR MIT",
      "optional": true,
      "os": [
        "linux"
      ],
      "engines": {
        "node": ">= 10"
      }
    },
    "node_modules/@tauri-apps/cli-linux-x64-gnu": {
      "version": "2.11.3",
      "resolved": "https://registry.npmjs.org/@tauri-apps/cli-linux-x64-gnu/-/cli-linux-x64-gnu-2.11.3.tgz",
      "integrity": "sha512-+u3HO/F3gHwL48t9gWN/urqZvpaEJzBFmTaq5eSIhvy8TOvnhb+LgJr3Q3BG+5JxuBrCUjqtOEz6gMttdJFSBA==",
      "cpu": [
        "x64"
      ],
      "dev": true,
      "libc": [
        "glibc"
      ],
      "license": "Apache-2.0 OR MIT",
      "optional": true,
      "os": [
        "linux"
      ],
      "engines": {
        "node": ">= 10"
      }
    },
    "node_modules/@tauri-apps/cli-linux-x64-musl": {
      "version": "2.11.3",
      "resolved": "https://registry.npmjs.org/@tauri-apps/cli-linux-x64-musl/-/cli-linux-x64-musl-2.11.3.tgz",
      "integrity": "sha512-spr5Jpr6KF/vehkLwJ0YmdGv8QwpWU+uw7J8bgijO0sox6ZCYsSNMbcsQjTqPi4xl+p0woIYpWXgChgHYpAc8g==",
      "cpu": [
        "x64"
      ],
      "dev": true,
      "libc": [
        "musl"
      ],
      "license": "Apache-2.0 OR MIT",
      "optional": true,
      "os": [
        "linux"
      ],
      "engines": {
        "node": ">= 10"
      }
    },
    "node_modules/@tauri-apps/cli-win32-arm64-msvc": {
      "version": "2.11.3",
      "resolved": "https://registry.npmjs.org/@tauri-apps/cli-win32-arm64-msvc/-/cli-win32-arm64-msvc-2.11.3.tgz",
      "integrity": "sha512-abkoRQih5xBa3vz2spWaex0kP/MzVzVPQHom2f8jnCq46R/luOD6Uy85EMU9/bfzf6ZzdorWJsgO+OMX90Fx2w==",
      "cpu": [
        "arm64"
      ],
      "dev": true,
      "license": "Apache-2.0 OR MIT",
      "optional": true,
      "os": [
        "win32"
      ],
      "engines": {
        "node": ">= 10"
      }
    },
    "node_modules/@tauri-apps/cli-win32-ia32-msvc": {
      "version": "2.11.3",
      "resolved": "https://registry.npmjs.org/@tauri-apps/cli-win32-ia32-msvc/-/cli-win32-ia32-msvc-2.11.3.tgz",
      "integrity": "sha512-Vy6AvzFm1G40hg3r+OYDB3jkuu7R4wnMzbQBKuun9v6Cgg8IierpLL7toMzrZKs/8NlG8Sg4x1iLFR52oknyHg==",
      "cpu": [
        "ia32"
      ],
      "dev": true,
      "license": "Apache-2.0 OR MIT",
      "optional": true,
      "os": [
        "win32"
      ],
      "engines": {
        "node": ">= 10"
      }
    },
    "node_modules/@tauri-apps/cli-win32-x64-msvc": {
      "version": "2.11.3",
      "resolved": "https://registry.npmjs.org/@tauri-apps/cli-win32-x64-msvc/-/cli-win32-x64-msvc-2.11.3.tgz",
      "integrity": "sha512-GlciF75GdbseajOyib2aCHwE3BXIqZ1liGKWLFRvCdN5wm8h8hFssEVKQ/6E+2jsMLg9v7LCTb983YFnn0QSww==",
      "cpu": [
        "x64"
      ],
      "dev": true,
      "license": "Apache-2.0 OR MIT",
      "optional": true,
      "os": [
        "win32"
      ],
      "engines": {
        "node": ">= 10"
      }
    },
    "node_modules/@xterm/addon-fit": {
      "version": "0.10.0",
      "resolved": "https://registry.npmjs.org/@xterm/addon-fit/-/addon-fit-0.10.0.tgz",
      "integrity": "sha512-UFYkDm4HUahf2lnEyHvio51TNGiLK66mqP2JoATy7hRZeXaGMRDr00JiSF7m63vR5WKATF605yEggJKsw0JpMQ==",
      "dev": true,
      "license": "MIT",
      "peerDependencies": {
        "@xterm/xterm": "^5.0.0"
      }
    },
    "node_modules/@xterm/addon-web-links": {
      "version": "0.11.0",
      "resolved": "https://registry.npmjs.org/@xterm/addon-web-links/-/addon-web-links-0.11.0.tgz",
      "integrity": "sha512-nIHQ38pQI+a5kXnRaTgwqSHnX7KE6+4SVoceompgHL26unAxdfP6IPqUTSYPQgSwM56hsElfoNrrW5V7BUED/Q==",
      "dev": true,
      "license": "MIT",
      "peerDependencies": {
        "@xterm/xterm": "^5.0.0"
      }
    },
    "node_modules/@xterm/addon-webgl": {
      "version": "0.18.0",
      "resolved": "https://registry.npmjs.org/@xterm/addon-webgl/-/addon-webgl-0.18.0.tgz",
      "integrity": "sha512-xCnfMBTI+/HKPdRnSOHaJDRqEpq2Ugy8LEj9GiY4J3zJObo3joylIFaMvzBwbYRg8zLtkO0KQaStCeSfoaI2/w==",
      "dev": true,
      "license": "MIT",
      "peerDependencies": {
        "@xterm/xterm": "^5.0.0"
      }
    },
    "node_modules/@xterm/xterm": {
      "version": "5.5.0",
      "resolved": "https://registry.npmjs.org/@xterm/xterm/-/xterm-5.5.0.tgz",
      "integrity": "sha512-hqJHYaQb5OptNunnyAnkHyM8aCjZ1MEIDTQu1iIbbTD/xops91NB5yq1ZK/dC2JDbVWtF23zUtl9JE2NqwT87A==",
      "dev": true,
      "license": "MIT"
    },
    "node_modules/highlight.js": {
      "version": "11.11.1",
      "resolved": "https://registry.npmjs.org/highlight.js/-/highlight.js-11.11.1.tgz",
      "integrity": "sha512-Xwwo44whKBVCYoliBQwaPvtd/2tYFkRQtXDWj1nackaV2JPXx3L0+Jvd8/qCJ2p+ML0/XVkJ2q+Mr+UVdpJK5w==",
      "dev": true,
      "license": "BSD-3-Clause",
      "engines": {
        "node": ">=12.0.0"
      }
    },
    "node_modules/marked": {
      "version": "12.0.2",
      "resolved": "https://registry.npmjs.org/marked/-/marked-12.0.2.tgz",
      "integrity": "sha512-qXUm7e/YKFoqFPYPa3Ukg9xlI5cyAtGmyEIzMfW//m6kXwCy2Ps9DYf5ioijFKQ8qyuscrHoY04iJGctu2Kg0Q==",
      "dev": true,
      "license": "MIT",
      "bin": {
        "marked": "bin/marked.js"
      },
      "engines": {
        "node": ">= 18"
      }
    }
  }
}
